// !$*UTF8*$!
{
	archiveVersion = 1;
	classes = {
	};
	objectVersion = 46;
	objects = {

/* Begin PBXFileReference section */
		CA3C6CE11A50F17200B3F210 /* 00 Hello World.playground */ = {isa = PBXFileReference; lastKnownFileType = file.playground; name = "00 Hello World.playground"; path = "Playgrounds/00 Hello World.playground"; sourceTree = "<group>"; };
		CA764A3B1A5A561000ED70A7 /* 01 Variables.playground */ = {isa = PBXFileReference; lastKnownFileType = file.playground; name = "01 Variables.playground"; path = "Playgrounds/01 Variables.playground"; sourceTree = "<group>"; };
		CA764A3C1A5A564300ED70A7 /* 02 Types.playground */ = {isa = PBXFileReference; lastKnownFileType = file.playground; name = "02 Types.playground"; path = "Playgrounds/02 Types.playground"; sourceTree = "<group>"; };
		CA764A3D1A5A568700ED70A7 /* 03 Optionals.playground */ = {isa = PBXFileReference; lastKnownFileType = file.playground; name = "03 Optionals.playground"; path = "Playgrounds/03 Optionals.playground"; sourceTree = "<group>"; };
		CA764A3E1A5A56AB00ED70A7 /* 04 Compound Types.playground */ = {isa = PBXFileReference; lastKnownFileType = file.playground; name = "04 Compound Types.playground"; path = "Playgrounds/04 Compound Types.playground"; sourceTree = "<group>"; };
		CA764A3F1A5A56CE00ED70A7 /* 05 Control Flow.playground */ = {isa = PBXFileReference; lastKnownFileType = file.playground; name = "05 Control Flow.playground"; path = "Playgrounds/05 Control Flow.playground"; sourceTree = "<group>"; };
		CA764A401A5A56EA00ED70A7 /* 06 Functions.playground */ = {isa = PBXFileReference; lastKnownFileType = file.playground; name = "06 Functions.playground"; path = "Playgrounds/06 Functions.playground"; sourceTree = "<group>"; };
		CA764A411A5A570900ED70A7 /* 07 Closures.playground */ = {isa = PBXFileReference; lastKnownFileType = file.playground; name = "07 Closures.playground"; path = "Playgrounds/07 Closures.playground"; sourceTree = "<group>"; };
		CA764A421A5A573000ED70A7 /* 08 Enumerations.playground */ = {isa = PBXFileReference; lastKnownFileType = file.playground; name = "08 Enumerations.playground"; path = "Playgrounds/08 Enumerations.playground"; sourceTree = "<group>"; };
		CA764A431A5A575300ED70A7 /* 09 Structures.playground */ = {isa = PBXFileReference; lastKnownFileType = file.playground; name = "09 Structures.playground"; path = "Playgrounds/09 Structures.playground"; sourceTree = "<group>"; };
		CA764A441A5A576F00ED70A7 /* 10 Classes.playground */ = {isa = PBXFileReference; lastKnownFileType = file.playground; name = "10 Classes.playground"; path = "Playgrounds/10 Classes.playground"; sourceTree = "<group>"; };
		CA764A451A5A578800ED70A7 /* 11 ARC.playground */ = {isa = PBXFileReference; lastKnownFileType = file.playground; name = "11 ARC.playground"; path = "Playgrounds/11 ARC.playground"; sourceTree = "<group>"; };
		CA764A461A5A57A700ED70A7 /* 12 Extensions.playground */ = {isa = PBXFileReference; lastKnownFileType = file.playground; name = "12 Extensions.playground"; path = "Playgrounds/12 Extensions.playground"; sourceTree = "<group>"; };
		CA764A471A5A57DB00ED70A7 /* 13 Generics.playground */ = {isa = PBXFileReference; lastKnownFileType = file.playground; name = "13 Generics.playground"; path = "Playgrounds/13 Generics.playground"; sourceTree = "<group>"; };
		CA764A481A5A57F800ED70A7 /* 14 Operator Overloading.playground */ = {isa = PBXFileReference; lastKnownFileType = file.playground; name = "14 Operator Overloading.playground"; path = "Playgrounds/14 Operator Overloading.playground"; sourceTree = "<group>"; };
		CA764A491A5A583800ED70A7 /* 15 Miscellaneous.playground */ = {isa = PBXFileReference; lastKnownFileType = file.playground; name = "15 Miscellaneous.playground"; path = "Playgrounds/15 Miscellaneous.playground"; sourceTree = "<group>"; };
		CA764A4A1A5A590C00ED70A7 /* main.swift */ = {isa = PBXFileReference; lastKnownFileType = sourcecode.swift; path = main.swift; sourceTree = "<group>"; };
		CA764A4B1A5A609800ED70A7 /* LICENSE */ = {isa = PBXFileReference; lastKnownFileType = text; path = LICENSE; sourceTree = "<group>"; };
/* End PBXFileReference section */

/* Begin PBXGroup section */
		CA3C6CD91A50EEDE00B3F210 = {
			isa = PBXGroup;
			children = (
				CA764A4A1A5A590C00ED70A7 /* main.swift */,
				CA764A4B1A5A609800ED70A7 /* LICENSE */,
				CA3C6CE01A50F12D00B3F210 /* Playgrounds */,
			);
			sourceTree = "<group>";
		};
		CA3C6CE01A50F12D00B3F210 /* Playgrounds */ = {
			isa = PBXGroup;
			children = (
				CA3C6CE11A50F17200B3F210 /* 00 Hello World.playground */,
				CA764A3B1A5A561000ED70A7 /* 01 Variables.playground */,
				CA764A3C1A5A564300ED70A7 /* 02 Types.playground */,
				CA764A3D1A5A568700ED70A7 /* 03 Optionals.playground */,
				CA764A3E1A5A56AB00ED70A7 /* 04 Compound Types.playground */,
				CA764A3F1A5A56CE00ED70A7 /* 05 Control Flow.playground */,
				CA764A401A5A56EA00ED70A7 /* 06 Functions.playground */,
				CA764A411A5A570900ED70A7 /* 07 Closures.playground */,
				CA764A421A5A573000ED70A7 /* 08 Enumerations.playground */,
				CA764A431A5A575300ED70A7 /* 09 Structures.playground */,
				CA764A441A5A576F00ED70A7 /* 10 Classes.playground */,
				CA764A451A5A578800ED70A7 /* 11 ARC.playground */,
				CA764A461A5A57A700ED70A7 /* 12 Extensions.playground */,
				CA764A471A5A57DB00ED70A7 /* 13 Generics.playground */,
				CA764A481A5A57F800ED70A7 /* 14 Operator Overloading.playground */,
				CA764A491A5A583800ED70A7 /* 15 Miscellaneous.playground */,
			);
			name = Playgrounds;
			sourceTree = "<group>";
		};
/* End PBXGroup section */

/* Begin PBXProject section */
		CA3C6CDA1A50EEDE00B3F210 /* Project object */ = {
			isa = PBXProject;
			attributes = {
				LastUpgradeCheck = 0610;
			};
			buildConfigurationList = CA3C6CDD1A50EEDE00B3F210 /* Build configuration list for PBXProject "SwiftTutorial" */;
			compatibilityVersion = "Xcode 3.2";
			developmentRegion = English;
			hasScannedForEncodings = 0;
			knownRegions = (
				en,
			);
			mainGroup = CA3C6CD91A50EEDE00B3F210;
			projectDirPath = "";
			projectRoot = "";
			targets = (
			);
		};
/* End PBXProject section */

/* Begin XCBuildConfiguration section */
		CA3C6CDE1A50EEDE00B3F210 /* Debug */ = {
			isa = XCBuildConfiguration;
			buildSettings = {
			};
			name = Debug;
		};
		CA3C6CDF1A50EEDE00B3F210 /* Release */ = {
			isa = XCBuildConfiguration;
			buildSettings = {
			};
			name = Release;
		};
/* End XCBuildConfiguration section */

/* Begin XCConfigurationList section */
		CA3C6CDD1A50EEDE00B3F210 /* Build configuration list for PBXProject "SwiftTutorial" */ = {
			isa = XCConfigurationList;
			buildConfigurations = (
				CA3C6CDE1A50EEDE00B3F210 /* Debug */,
				CA3C6CDF1A50EEDE00B3F210 /* Release */,
			);
			defaultConfigurationIsVisible = 0;
			defaultConfigurationName = Release;
		};
/* End XCConfigurationList section */
	};
	rootObject = CA3C6CDA1A50EEDE00B3F210 /* Project object */;
}
